// !$*UTF8*$!
{
	archiveVersion = 1;
	classes = {
	};
	objectVersion = 50;
	objects = {

/* Begin PBXBuildFile section */
		CB05C7F8222C6E3B0054FBB0 /* HardCodeData.swift in Sources */ = {isa = PBXBuildFile; fileRef = CB05C7F7222C6E3B0054FBB0 /* HardCodeData.swift */; };
		CB05C7FA222C6FB70054FBB0 /* ExerciseClass.swift in Sources */ = {isa = PBXBuildFile; fileRef = CB05C7F9222C6FB70054FBB0 /* ExerciseClass.swift */; };
		CB05C7FC222C6FC30054FBB0 /* ExerciseSystemClass.swift in Sources */ = {isa = PBXBuildFile; fileRef = CB05C7FB222C6FC30054FBB0 /* ExerciseSystemClass.swift */; };
		CB05C7FE222CF1620054FBB0 /* TemporaryData.swift in Sources */ = {isa = PBXBuildFile; fileRef = CB05C7FD222CF1620054FBB0 /* TemporaryData.swift */; };
		CB05C800222CF2930054FBB0 /* Server.swift in Sources */ = {isa = PBXBuildFile; fileRef = CB05C7FF222CF2930054FBB0 /* Server.swift */; };
		CB05C803222D0D6A0054FBB0 /* antonio-bold.ttf in Resources */ = {isa = PBXBuildFile; fileRef = CB05C802222D0D6A0054FBB0 /* antonio-bold.ttf */; };
		CB05C805222D0DF20054FBB0 /* RegistrationScreens.storyboard in Resources */ = {isa = PBXBuildFile; fileRef = CB05C804222D0DF20054FBB0 /* RegistrationScreens.storyboard */; };
		CB05C807222D10400054FBB0 /* SFProText-Medium.ttf in Resources */ = {isa = PBXBuildFile; fileRef = CB05C806222D10400054FBB0 /* SFProText-Medium.ttf */; };
		CB05C80A222D16890054FBB0 /* LoginScreenViewController.swift in Sources */ = {isa = PBXBuildFile; fileRef = CB05C809222D16890054FBB0 /* LoginScreenViewController.swift */; };
		CB05C80C222D571D0054FBB0 /* SFProText-Regular.otf in Resources */ = {isa = PBXBuildFile; fileRef = CB05C80B222D571D0054FBB0 /* SFProText-Regular.otf */; };
		CB05C80E222D67FD0054FBB0 /* RegistrationSceenViewController.swift in Sources */ = {isa = PBXBuildFile; fileRef = CB05C80D222D67FD0054FBB0 /* RegistrationSceenViewController.swift */; };
		CB756A672229A08200F93680 /* AppDelegate.swift in Sources */ = {isa = PBXBuildFile; fileRef = CB756A662229A08200F93680 /* AppDelegate.swift */; };
		CB756A692229A08200F93680 /* ViewController.swift in Sources */ = {isa = PBXBuildFile; fileRef = CB756A682229A08200F93680 /* ViewController.swift */; };
		CB756A6C2229A08200F93680 /* Main.storyboard in Resources */ = {isa = PBXBuildFile; fileRef = CB756A6A2229A08200F93680 /* Main.storyboard */; };
		CB756A6E2229A08700F93680 /* Assets.xcassets in Resources */ = {isa = PBXBuildFile; fileRef = CB756A6D2229A08700F93680 /* Assets.xcassets */; };
		CB756A712229A08700F93680 /* LaunchScreen.storyboard in Resources */ = {isa = PBXBuildFile; fileRef = CB756A6F2229A08700F93680 /* LaunchScreen.storyboard */; };
		CB756A792229A0A500F93680 /* UserClass.swift in Sources */ = {isa = PBXBuildFile; fileRef = CB756A782229A0A500F93680 /* UserClass.swift */; };
		CB756A7C2229AC9E00F93680 /* TaskClass.swift in Sources */ = {isa = PBXBuildFile; fileRef = CB756A7B2229AC9E00F93680 /* TaskClass.swift */; };
		CB756A7E2229B45C00F93680 /* TaskSystemClass.swift in Sources */ = {isa = PBXBuildFile; fileRef = CB756A7D2229B45C00F93680 /* TaskSystemClass.swift */; };
		CB7D05C7222EF43E0086C6B5 /* ChooseSomeTypesTableViewController.swift in Sources */ = {isa = PBXBuildFile; fileRef = CB7D05C6222EF43E0086C6B5 /* ChooseSomeTypesTableViewController.swift */; };
		CB7D05C9222F06B10086C6B5 /* InfoDataCell.swift in Sources */ = {isa = PBXBuildFile; fileRef = CB7D05C8222F06B10086C6B5 /* InfoDataCell.swift */; };
		CB7D05CB2232D2BF0086C6B5 /* RegistrationScreenNavigation.swift in Sources */ = {isa = PBXBuildFile; fileRef = CB7D05CA2232D2BF0086C6B5 /* RegistrationScreenNavigation.swift */; };
		CB7D05CE2232F9490086C6B5 /* ApplicationScreens.storyboard in Resources */ = {isa = PBXBuildFile; fileRef = CB7D05CD2232F9490086C6B5 /* ApplicationScreens.storyboard */; };
		CB7D05D0223302B70086C6B5 /* LoginFullViewController.swift in Sources */ = {isa = PBXBuildFile; fileRef = CB7D05CF223302B70086C6B5 /* LoginFullViewController.swift */; };
		CB7D05D5223305DD0086C6B5 /* TaskViewCell.swift in Sources */ = {isa = PBXBuildFile; fileRef = CB7D05D3223305DD0086C6B5 /* TaskViewCell.swift */; };
		CB7D05D6223305DD0086C6B5 /* TaskViewCell.xib in Resources */ = {isa = PBXBuildFile; fileRef = CB7D05D4223305DD0086C6B5 /* TaskViewCell.xib */; };
/* End PBXBuildFile section */

/* Begin PBXFileReference section */
		CB05C7F7222C6E3B0054FBB0 /* HardCodeData.swift */ = {isa = PBXFileReference; lastKnownFileType = sourcecode.swift; path = HardCodeData.swift; sourceTree = "<group>"; };
		CB05C7F9222C6FB70054FBB0 /* ExerciseClass.swift */ = {isa = PBXFileReference; lastKnownFileType = sourcecode.swift; path = ExerciseClass.swift; sourceTree = "<group>"; };
		CB05C7FB222C6FC30054FBB0 /* ExerciseSystemClass.swift */ = {isa = PBXFileReference; lastKnownFileType = sourcecode.swift; path = ExerciseSystemClass.swift; sourceTree = "<group>"; };
		CB05C7FD222CF1620054FBB0 /* TemporaryData.swift */ = {isa = PBXFileReference; lastKnownFileType = sourcecode.swift; path = TemporaryData.swift; sourceTree = "<group>"; };
		CB05C7FF222CF2930054FBB0 /* Server.swift */ = {isa = PBXFileReference; lastKnownFileType = sourcecode.swift; path = Server.swift; sourceTree = "<group>"; };
		CB05C802222D0D6A0054FBB0 /* antonio-bold.ttf */ = {isa = PBXFileReference; lastKnownFileType = file; path = "antonio-bold.ttf"; sourceTree = "<group>"; };
		CB05C804222D0DF20054FBB0 /* RegistrationScreens.storyboard */ = {isa = PBXFileReference; lastKnownFileType = file.storyboard; path = RegistrationScreens.storyboard; sourceTree = "<group>"; };
		CB05C806222D10400054FBB0 /* SFProText-Medium.ttf */ = {isa = PBXFileReference; lastKnownFileType = file; path = "SFProText-Medium.ttf"; sourceTree = "<group>"; };
		CB05C809222D16890054FBB0 /* LoginScreenViewController.swift */ = {isa = PBXFileReference; lastKnownFileType = sourcecode.swift; path = LoginScreenViewController.swift; sourceTree = "<group>"; };
		CB05C80B222D571D0054FBB0 /* SFProText-Regular.otf */ = {isa = PBXFileReference; lastKnownFileType = file; path = "SFProText-Regular.otf"; sourceTree = "<group>"; };
		CB05C80D222D67FD0054FBB0 /* RegistrationSceenViewController.swift */ = {isa = PBXFileReference; lastKnownFileType = sourcecode.swift; path = RegistrationSceenViewController.swift; sourceTree = "<group>"; };
		CB756A632229A08200F93680 /* DeadLine.app */ = {isa = PBXFileReference; explicitFileType = wrapper.application; includeInIndex = 0; path = DeadLine.app; sourceTree = BUILT_PRODUCTS_DIR; };
		CB756A662229A08200F93680 /* AppDelegate.swift */ = {isa = PBXFileReference; lastKnownFileType = sourcecode.swift; path = AppDelegate.swift; sourceTree = "<group>"; };
		CB756A682229A08200F93680 /* ViewController.swift */ = {isa = PBXFileReference; lastKnownFileType = sourcecode.swift; path = ViewController.swift; sourceTree = "<group>"; };
		CB756A6B2229A08200F93680 /* Base */ = {isa = PBXFileReference; lastKnownFileType = file.storyboard; name = Base; path = Base.lproj/Main.storyboard; sourceTree = "<group>"; };
		CB756A6D2229A08700F93680 /* Assets.xcassets */ = {isa = PBXFileReference; lastKnownFileType = folder.assetcatalog; path = Assets.xcassets; sourceTree = "<group>"; };
		CB756A702229A08700F93680 /* Base */ = {isa = PBXFileReference; lastKnownFileType = file.storyboard; name = Base; path = Base.lproj/LaunchScreen.storyboard; sourceTree = "<group>"; };
		CB756A722229A08700F93680 /* Info.plist */ = {isa = PBXFileReference; lastKnownFileType = text.plist.xml; path = Info.plist; sourceTree = "<group>"; };
		CB756A782229A0A500F93680 /* UserClass.swift */ = {isa = PBXFileReference; lastKnownFileType = sourcecode.swift; path = UserClass.swift; sourceTree = "<group>"; };
		CB756A7B2229AC9E00F93680 /* TaskClass.swift */ = {isa = PBXFileReference; lastKnownFileType = sourcecode.swift; path = TaskClass.swift; sourceTree = "<group>"; };
		CB756A7D2229B45C00F93680 /* TaskSystemClass.swift */ = {isa = PBXFileReference; lastKnownFileType = sourcecode.swift; path = TaskSystemClass.swift; sourceTree = "<group>"; };
		CB7D05C6222EF43E0086C6B5 /* ChooseSomeTypesTableViewController.swift */ = {isa = PBXFileReference; lastKnownFileType = sourcecode.swift; path = ChooseSomeTypesTableViewController.swift; sourceTree = "<group>"; };
		CB7D05C8222F06B10086C6B5 /* InfoDataCell.swift */ = {isa = PBXFileReference; lastKnownFileType = sourcecode.swift; path = InfoDataCell.swift; sourceTree = "<group>"; };
		CB7D05CA2232D2BF0086C6B5 /* RegistrationScreenNavigation.swift */ = {isa = PBXFileReference; lastKnownFileType = sourcecode.swift; path = RegistrationScreenNavigation.swift; sourceTree = "<group>"; };
		CB7D05CD2232F9490086C6B5 /* ApplicationScreens.storyboard */ = {isa = PBXFileReference; lastKnownFileType = file.storyboard; path = ApplicationScreens.storyboard; sourceTree = "<group>"; };
		CB7D05CF223302B70086C6B5 /* LoginFullViewController.swift */ = {isa = PBXFileReference; lastKnownFileType = sourcecode.swift; path = LoginFullViewController.swift; sourceTree = "<group>"; };
		CB7D05D3223305DD0086C6B5 /* TaskViewCell.swift */ = {isa = PBXFileReference; lastKnownFileType = sourcecode.swift; path = TaskViewCell.swift; sourceTree = "<group>"; };
		CB7D05D4223305DD0086C6B5 /* TaskViewCell.xib */ = {isa = PBXFileReference; lastKnownFileType = file.xib; path = TaskViewCell.xib; sourceTree = "<group>"; };
/* End PBXFileReference section */

/* Begin PBXFrameworksBuildPhase section */
		CB756A602229A08200F93680 /* Frameworks */ = {
			isa = PBXFrameworksBuildPhase;
			buildActionMask = 2147483647;
			files = (
			);
			runOnlyForDeploymentPostprocessing = 0;
		};
/* End PBXFrameworksBuildPhase section */

/* Begin PBXGroup section */
		CB05C801222D0D520054FBB0 /* Fonts */ = {
			isa = PBXGroup;
			children = (
				CB05C802222D0D6A0054FBB0 /* antonio-bold.ttf */,
				CB05C806222D10400054FBB0 /* SFProText-Medium.ttf */,
				CB05C80B222D571D0054FBB0 /* SFProText-Regular.otf */,
			);
			path = Fonts;
			sourceTree = "<group>";
		};
		CB05C808222D165D0054FBB0 /* RegistrationScreens */ = {
			isa = PBXGroup;
			children = (
				CB756A6F2229A08700F93680 /* LaunchScreen.storyboard */,
				CB05C804222D0DF20054FBB0 /* RegistrationScreens.storyboard */,
				CB7D05CF223302B70086C6B5 /* LoginFullViewController.swift */,
				CB7D05CA2232D2BF0086C6B5 /* RegistrationScreenNavigation.swift */,
				CB7D05C6222EF43E0086C6B5 /* ChooseSomeTypesTableViewController.swift */,
				CB7D05C8222F06B10086C6B5 /* InfoDataCell.swift */,
				CB05C80D222D67FD0054FBB0 /* RegistrationSceenViewController.swift */,
				CB05C809222D16890054FBB0 /* LoginScreenViewController.swift */,
			);
			path = RegistrationScreens;
			sourceTree = "<group>";
		};
		CB756A5A2229A08200F93680 = {
			isa = PBXGroup;
			children = (
				CB05C801222D0D520054FBB0 /* Fonts */,
				CB756A652229A08200F93680 /* DeadLine */,
				CB756A642229A08200F93680 /* Products */,
			);
			sourceTree = "<group>";
		};
		CB756A642229A08200F93680 /* Products */ = {
			isa = PBXGroup;
			children = (
				CB756A632229A08200F93680 /* DeadLine.app */,
			);
			name = Products;
			sourceTree = "<group>";
		};
		CB756A652229A08200F93680 /* DeadLine */ = {
			isa = PBXGroup;
			children = (
				CB756A662229A08200F93680 /* AppDelegate.swift */,
				CB756A682229A08200F93680 /* ViewController.swift */,
				CB756A6A2229A08200F93680 /* Main.storyboard */,
				CB756A6D2229A08700F93680 /* Assets.xcassets */,
				CB05C808222D165D0054FBB0 /* RegistrationScreens */,
				CB756A722229A08700F93680 /* Info.plist */,
				CB7D05CC2232F8FD0086C6B5 /* ApplicationScreen */,
				CB756A7A2229A0B300F93680 /* Model */,
			);
			path = DeadLine;
			sourceTree = "<group>";
		};
		CB756A7A2229A0B300F93680 /* Model */ = {
			isa = PBXGroup;
			children = (
				CB756A782229A0A500F93680 /* UserClass.swift */,
				CB756A7B2229AC9E00F93680 /* TaskClass.swift */,
				CB756A7D2229B45C00F93680 /* TaskSystemClass.swift */,
				CB05C7FD222CF1620054FBB0 /* TemporaryData.swift */,
				CB05C7F9222C6FB70054FBB0 /* ExerciseClass.swift */,
				CB05C7FB222C6FC30054FBB0 /* ExerciseSystemClass.swift */,
				CB05C7F7222C6E3B0054FBB0 /* HardCodeData.swift */,
				CB05C7FF222CF2930054FBB0 /* Server.swift */,
			);
			path = Model;
			sourceTree = "<group>";
		};
		CB7D05CC2232F8FD0086C6B5 /* ApplicationScreen */ = {
			isa = PBXGroup;
			children = (
				CB7D05CD2232F9490086C6B5 /* ApplicationScreens.storyboard */,
				CB7D05D3223305DD0086C6B5 /* TaskViewCell.swift */,
				CB7D05D4223305DD0086C6B5 /* TaskViewCell.xib */,
			);
			path = ApplicationScreen;
			sourceTree = "<group>";
		};
/* End PBXGroup section */

/* Begin PBXNativeTarget section */
		CB756A622229A08200F93680 /* DeadLine */ = {
			isa = PBXNativeTarget;
			buildConfigurationList = CB756A752229A08700F93680 /* Build configuration list for PBXNativeTarget "DeadLine" */;
			buildPhases = (
				CB756A5F2229A08200F93680 /* Sources */,
				CB756A602229A08200F93680 /* Frameworks */,
				CB756A612229A08200F93680 /* Resources */,
			);
			buildRules = (
			);
			dependencies = (
			);
			name = DeadLine;
			productName = DeadLine;
			productReference = CB756A632229A08200F93680 /* DeadLine.app */;
			productType = "com.apple.product-type.application";
		};
/* End PBXNativeTarget section */

/* Begin PBXProject section */
		CB756A5B2229A08200F93680 /* Project object */ = {
			isa = PBXProject;
			attributes = {
				LastSwiftUpdateCheck = 1010;
				LastUpgradeCheck = 1010;
				ORGANIZATIONNAME = "Dmitry Vanyushkin";
				TargetAttributes = {
					CB756A622229A08200F93680 = {
						CreatedOnToolsVersion = 10.1;
					};
				};
			};
			buildConfigurationList = CB756A5E2229A08200F93680 /* Build configuration list for PBXProject "DeadLine" */;
			compatibilityVersion = "Xcode 9.3";
			developmentRegion = en;
			hasScannedForEncodings = 0;
			knownRegions = (
				en,
				Base,
			);
			mainGroup = CB756A5A2229A08200F93680;
			productRefGroup = CB756A642229A08200F93680 /* Products */;
			projectDirPath = "";
			projectRoot = "";
			targets = (
				CB756A622229A08200F93680 /* DeadLine */,
			);
		};
/* End PBXProject section */

/* Begin PBXResourcesBuildPhase section */
		CB756A612229A08200F93680 /* Resources */ = {
			isa = PBXResourcesBuildPhase;
			buildActionMask = 2147483647;
			files = (
				CB756A712229A08700F93680 /* LaunchScreen.storyboard in Resources */,
				CB756A6E2229A08700F93680 /* Assets.xcassets in Resources */,
				CB7D05D6223305DD0086C6B5 /* TaskViewCell.xib in Resources */,
				CB05C805222D0DF20054FBB0 /* RegistrationScreens.storyboard in Resources */,
				CB7D05CE2232F9490086C6B5 /* ApplicationScreens.storyboard in Resources */,
				CB05C807222D10400054FBB0 /* SFProText-Medium.ttf in Resources */,
				CB05C80C222D571D0054FBB0 /* SFProText-Regular.otf in Resources */,
				CB05C803222D0D6A0054FBB0 /* antonio-bold.ttf in Resources */,
				CB756A6C2229A08200F93680 /* Main.storyboard in Resources */,
			);
			runOnlyForDeploymentPostprocessing = 0;
		};
/* End PBXResourcesBuildPhase section */

/* Begin PBXSourcesBuildPhase section */
		CB756A5F2229A08200F93680 /* Sources */ = {
			isa = PBXSourcesBuildPhase;
			buildActionMask = 2147483647;
			files = (
				CB05C80A222D16890054FBB0 /* LoginScreenViewController.swift in Sources */,
				CB05C800222CF2930054FBB0 /* Server.swift in Sources */,
				CB756A692229A08200F93680 /* ViewController.swift in Sources */,
				CB7D05D0223302B70086C6B5 /* LoginFullViewController.swift in Sources */,
				CB7D05CB2232D2BF0086C6B5 /* RegistrationScreenNavigation.swift in Sources */,
				CB7D05C9222F06B10086C6B5 /* InfoDataCell.swift in Sources */,
				CB05C7FA222C6FB70054FBB0 /* ExerciseClass.swift in Sources */,
				CB756A672229A08200F93680 /* AppDelegate.swift in Sources */,
				CB756A792229A0A500F93680 /* UserClass.swift in Sources */,
				CB05C7F8222C6E3B0054FBB0 /* HardCodeData.swift in Sources */,
				CB756A7E2229B45C00F93680 /* TaskSystemClass.swift in Sources */,
				CB05C80E222D67FD0054FBB0 /* RegistrationSceenViewController.swift in Sources */,
				CB756A7C2229AC9E00F93680 /* TaskClass.swift in Sources */,
				CB05C7FE222CF1620054FBB0 /* TemporaryData.swift in Sources */,
				CB7D05C7222EF43E0086C6B5 /* ChooseSomeTypesTableViewController.swift in Sources */,
				CB05C7FC222C6FC30054FBB0 /* ExerciseSystemClass.swift in Sources */,
				CB7D05D5223305DD0086C6B5 /* TaskViewCell.swift in Sources */,
			);
			runOnlyForDeploymentPostprocessing = 0;
		};
/* End PBXSourcesBuildPhase section */

/* Begin PBXVariantGroup section */
		CB756A6A2229A08200F93680 /* Main.storyboard */ = {
			isa = PBXVariantGroup;
			children = (
				CB756A6B2229A08200F93680 /* Base */,
			);
			name = Main.storyboard;
			sourceTree = "<group>";
		};
		CB756A6F2229A08700F93680 /* LaunchScreen.storyboard */ = {
			isa = PBXVariantGroup;
			children = (
				CB756A702229A08700F93680 /* Base */,
			);
			name = LaunchScreen.storyboard;
			sourceTree = "<group>";
		};
/* End PBXVariantGroup section */

/* Begin XCBuildConfiguration section */
		CB756A732229A08700F93680 /* Debug */ = {
			isa = XCBuildConfiguration;
			buildSettings = {
				ALWAYS_SEARCH_USER_PATHS = NO;
				CLANG_ANALYZER_NONNULL = YES;
				CLANG_ANALYZER_NUMBER_OBJECT_CONVERSION = YES_AGGRESSIVE;
				CLANG_CXX_LANGUAGE_STANDARD = "gnu++14";
				CLANG_CXX_LIBRARY = "libc++";
				CLANG_ENABLE_MODULES = YES;
				CLANG_ENABLE_OBJC_ARC = YES;
				CLANG_ENABLE_OBJC_WEAK = YES;
				CLANG_WARN_BLOCK_CAPTURE_AUTORELEASING = YES;
				CLANG_WARN_BOOL_CONVERSION = YES;
				CLANG_WARN_COMMA = YES;
				CLANG_WARN_CONSTANT_CONVERSION = YES;
				CLANG_WARN_DEPRECATED_OBJC_IMPLEMENTATIONS = YES;
				CLANG_WARN_DIRECT_OBJC_ISA_USAGE = YES_ERROR;
				CLANG_WARN_DOCUMENTATION_COMMENTS = YES;
				CLANG_WARN_EMPTY_BODY = YES;
				CLANG_WARN_ENUM_CONVERSION = YES;
				CLANG_WARN_INFINITE_RECURSION = YES;
				CLANG_WARN_INT_CONVERSION = YES;
				CLANG_WARN_NON_LITERAL_NULL_CONVERSION = YES;
				CLANG_WARN_OBJC_IMPLICIT_RETAIN_SELF = YES;
				CLANG_WARN_OBJC_LITERAL_CONVERSION = YES;
				CLANG_WARN_OBJC_ROOT_CLASS = YES_ERROR;
				CLANG_WARN_RANGE_LOOP_ANALYSIS = YES;
				CLANG_WARN_STRICT_PROTOTYPES = YES;
				CLANG_WARN_SUSPICIOUS_MOVE = YES;
				CLANG_WARN_UNGUARDED_AVAILABILITY = YES_AGGRESSIVE;
				CLANG_WARN_UNREACHABLE_CODE = YES;
				CLANG_WARN__DUPLICATE_METHOD_MATCH = YES;
				CODE_SIGN_IDENTITY = "iPhone Developer";
				COPY_PHASE_STRIP = NO;
				DEBUG_INFORMATION_FORMAT = dwarf;
				ENABLE_STRICT_OBJC_MSGSEND = YES;
				ENABLE_TESTABILITY = YES;
				GCC_C_LANGUAGE_STANDARD = gnu11;
				GCC_DYNAMIC_NO_PIC = NO;
				GCC_NO_COMMON_BLOCKS = YES;
				GCC_OPTIMIZATION_LEVEL = 0;
				GCC_PREPROCESSOR_DEFINITIONS = (
					"DEBUG=1",
					"$(inherited)",
				);
				GCC_WARN_64_TO_32_BIT_CONVERSION = YES;
				GCC_WARN_ABOUT_RETURN_TYPE = YES_ERROR;
				GCC_WARN_UNDECLARED_SELECTOR = YES;
				GCC_WARN_UNINITIALIZED_AUTOS = YES_AGGRESSIVE;
				GCC_WARN_UNUSED_FUNCTION = YES;
				GCC_WARN_UNUSED_VARIABLE = YES;
				IPHONEOS_DEPLOYMENT_TARGET = 12.1;
				MTL_ENABLE_DEBUG_INFO = INCLUDE_SOURCE;
				MTL_FAST_MATH = YES;
				ONLY_ACTIVE_ARCH = YES;
				SDKROOT = iphoneos;
				SWIFT_ACTIVE_COMPILATION_CONDITIONS = DEBUG;
				SWIFT_OPTIMIZATION_LEVEL = "-Onone";
			};
			name = Debug;
		};
		CB756A742229A08700F93680 /* Release */ = {
			isa = XCBuildConfiguration;
			buildSettings = {
				ALWAYS_SEARCH_USER_PATHS = NO;
				CLANG_ANALYZER_NONNULL = YES;
				CLANG_ANALYZER_NUMBER_OBJECT_CONVERSION = YES_AGGRESSIVE;
				CLANG_CXX_LANGUAGE_STANDARD = "gnu++14";
				CLANG_CXX_LIBRARY = "libc++";
				CLANG_ENABLE_MODULES = YES;
				CLANG_ENABLE_OBJC_ARC = YES;
				CLANG_ENABLE_OBJC_WEAK = YES;
				CLANG_WARN_BLOCK_CAPTURE_AUTORELEASING = YES;
				CLANG_WARN_BOOL_CONVERSION = YES;
				CLANG_WARN_COMMA = YES;
				CLANG_WARN_CONSTANT_CONVERSION = YES;
				CLANG_WARN_DEPRECATED_OBJC_IMPLEMENTATIONS = YES;
				CLANG_WARN_DIRECT_OBJC_ISA_USAGE = YES_ERROR;
				CLANG_WARN_DOCUMENTATION_COMMENTS = YES;
				CLANG_WARN_EMPTY_BODY = YES;
				CLANG_WARN_ENUM_CONVERSION = YES;
				CLANG_WARN_INFINITE_RECURSION = YES;
				CLANG_WARN_INT_CONVERSION = YES;
				CLANG_WARN_NON_LITERAL_NULL_CONVERSION = YES;
				CLANG_WARN_OBJC_IMPLICIT_RETAIN_SELF = YES;
				CLANG_WARN_OBJC_LITERAL_CONVERSION = YES;
				CLANG_WARN_OBJC_ROOT_CLASS = YES_ERROR;
				CLANG_WARN_RANGE_LOOP_ANALYSIS = YES;
				CLANG_WARN_STRICT_PROTOTYPES = YES;
				CLANG_WARN_SUSPICIOUS_MOVE = YES;
				CLANG_WARN_UNGUARDED_AVAILABILITY = YES_AGGRESSIVE;
				CLANG_WARN_UNREACHABLE_CODE = YES;
				CLANG_WARN__DUPLICATE_METHOD_MATCH = YES;
				CODE_SIGN_IDENTITY = "iPhone Developer";
				COPY_PHASE_STRIP = NO;
				DEBUG_INFORMATION_FORMAT = "dwarf-with-dsym";
				ENABLE_NS_ASSERTIONS = NO;
				ENABLE_STRICT_OBJC_MSGSEND = YES;
				GCC_C_LANGUAGE_STANDARD = gnu11;
				GCC_NO_COMMON_BLOCKS = YES;
				GCC_WARN_64_TO_32_BIT_CONVERSION = YES;
				GCC_WARN_ABOUT_RETURN_TYPE = YES_ERROR;
				GCC_WARN_UNDECLARED_SELECTOR = YES;
				GCC_WARN_UNINITIALIZED_AUTOS = YES_AGGRESSIVE;
				GCC_WARN_UNUSED_FUNCTION = YES;
				GCC_WARN_UNUSED_VARIABLE = YES;
				IPHONEOS_DEPLOYMENT_TARGET = 12.1;
				MTL_ENABLE_DEBUG_INFO = NO;
				MTL_FAST_MATH = YES;
				SDKROOT = iphoneos;
				SWIFT_COMPILATION_MODE = wholemodule;
				SWIFT_OPTIMIZATION_LEVEL = "-O";
				VALIDATE_PRODUCT = YES;
			};
			name = Release;
		};
		CB756A762229A08700F93680 /* Debug */ = {
			isa = XCBuildConfiguration;
			buildSettings = {
				ASSETCATALOG_COMPILER_APPICON_NAME = AppIcon;
				CODE_SIGN_STYLE = Automatic;
				DEVELOPMENT_TEAM = 5U3F85XR92;
				INFOPLIST_FILE = DeadLine/Info.plist;
				LD_RUNPATH_SEARCH_PATHS = (
					"$(inherited)",
					"@executable_path/Frameworks",
				);
				PRODUCT_BUNDLE_IDENTIFIER = "Young-billioners.DeadLine";
				PRODUCT_NAME = "$(TARGET_NAME)";
				SWIFT_VERSION = 4.2;
				TARGETED_DEVICE_FAMILY = "1,2";
			};
			name = Debug;
		};
		CB756A772229A08700F93680 /* Release */ = {
			isa = XCBuildConfiguration;
			buildSettings = {
				ASSETCATALOG_COMPILER_APPICON_NAME = AppIcon;
				CODE_SIGN_STYLE = Automatic;
				DEVELOPMENT_TEAM = 5U3F85XR92;
				INFOPLIST_FILE = DeadLine/Info.plist;
				LD_RUNPATH_SEARCH_PATHS = (
					"$(inherited)",
					"@executable_path/Frameworks",
				);
				PRODUCT_BUNDLE_IDENTIFIER = "Young-billioners.DeadLine";
				PRODUCT_NAME = "$(TARGET_NAME)";
				SWIFT_VERSION = 4.2;
				TARGETED_DEVICE_FAMILY = "1,2";
			};
			name = Release;
		};
/* End XCBuildConfiguration section */

/* Begin XCConfigurationList section */
		CB756A5E2229A08200F93680 /* Build configuration list for PBXProject "DeadLine" */ = {
			isa = XCConfigurationList;
			buildConfigurations = (
				CB756A732229A08700F93680 /* Debug */,
				CB756A742229A08700F93680 /* Release */,
			);
			defaultConfigurationIsVisible = 0;
			defaultConfigurationName = Release;
		};
		CB756A752229A08700F93680 /* Build configuration list for PBXNativeTarget "DeadLine" */ = {
			isa = XCConfigurationList;
			buildConfigurations = (
				CB756A762229A08700F93680 /* Debug */,
				CB756A772229A08700F93680 /* Release */,
			);
			defaultConfigurationIsVisible = 0;
			defaultConfigurationName = Release;
		};
/* End XCConfigurationList section */
	};
	rootObject = CB756A5B2229A08200F93680 /* Project object */;
}
